
Microsoft Visual Studio Solution File, Format Version 12.00
# Visual Studio Version 17
VisualStudioVersion = 17.1.32414.318
MinimumVisualStudioVersion = 10.0.40219.1
Project("{9A19103F-16F7-4668-BE54-9A1E7A4F7556}") = "TesteMongoDb.Api", "TesteMongoDb.Api\TesteMongoDb.Api.csproj", "{E7CF8787-81A9-4E40-9846-3E368E012A69}"
EndProject
Project("{2150E333-8FDC-42A3-9474-1A3956D46DE8}") = "Solution Items", "Solution Items", "{BC6980E8-77D2-43F6-A6D3-C3411C06F8E7}"
	ProjectSection(SolutionItems) = preProject
		..\azure-pipelines.yml = ..\azure-pipelines.yml
		..\Dockerfile = ..\Dockerfile
		..\README.md = ..\README.md
		..\Config\values-dev.yml = ..\Config\values-dev.yml
		..\Config\values-prd.yml = ..\Config\values-prd.yml
		..\Config\values-stg.yml = ..\Config\values-stg.yml
		..\Config\values-tst.yml = ..\Config\values-tst.yml
	EndProjectSection
EndProject
Project("{9A19103F-16F7-4668-BE54-9A1E7A4F7556}") = "TesteMongoDb.Tests", "TesteMongoDb.Tests\TesteMongoDb.Tests.csproj", "{C866AFAA-4DAF-41CF-889F-1B80C7BAA29B}"
EndProject
Global
	GlobalSection(SolutionConfigurationPlatforms) = preSolution
		Debug|Any CPU = Debug|Any CPU
		Release|Any CPU = Release|Any CPU
	EndGlobalSection
	GlobalSection(ProjectConfigurationPlatforms) = postSolution
		{E7CF8787-81A9-4E40-9846-3E368E012A69}.Debug|Any CPU.ActiveCfg = Debug|Any CPU
		{E7CF8787-81A9-4E40-9846-3E368E012A69}.Debug|Any CPU.Build.0 = Debug|Any CPU
		{E7CF8787-81A9-4E40-9846-3E368E012A69}.Release|Any CPU.ActiveCfg = Release|Any CPU
		{E7CF8787-81A9-4E40-9846-3E368E012A69}.Release|Any CPU.Build.0 = Release|Any CPU
		{C866AFAA-4DAF-41CF-889F-1B80C7BAA29B}.Debug|Any CPU.ActiveCfg = Debug|Any CPU
		{C866AFAA-4DAF-41CF-889F-1B80C7BAA29B}.Debug|Any CPU.Build.0 = Debug|Any CPU
		{C866AFAA-4DAF-41CF-889F-1B80C7BAA29B}.Release|Any CPU.ActiveCfg = Release|Any CPU
		{C866AFAA-4DAF-41CF-889F-1B80C7BAA29B}.Release|Any CPU.Build.0 = Release|Any CPU
	EndGlobalSection
	GlobalSection(SolutionProperties) = preSolution
		HideSolutionNode = FALSE
	EndGlobalSection
	GlobalSection(ExtensibilityGlobals) = postSolution
		SolutionGuid = {B9981268-487B-4434-9E1A-F0A3CFA60F65}
	EndGlobalSection
EndGlobal
